
Microsoft Visual Studio Solution File, Format Version 12.00
# Visual Studio 15
Project("{FAE04EC0-301F-11D3-BF4B-00C04F79EFBC}") = "Assembly-CSharp", "Assembly-CSharp.csproj", "{3A27156E-612E-14CE-4D88-2D6DEBEE1239}"
EndProject
Global
	GlobalSection(SolutionConfigurationPlatforms) = preSolution
		Debug|Any CPU = Debug|Any CPU
		Release|Any CPU = Release|Any CPU
	EndGlobalSection
	GlobalSection(ProjectConfigurationPlatforms) = postSolution
		{3A27156E-612E-14CE-4D88-2D6DEBEE1239}.Debug|Any CPU.ActiveCfg = Debug|Any CPU
		{3A27156E-612E-14CE-4D88-2D6DEBEE1239}.Debug|Any CPU.Build.0 = Debug|Any CPU
		{3A27156E-612E-14CE-4D88-2D6DEBEE1239}.Release|Any CPU.ActiveCfg = Release|Any CPU
		{3A27156E-612E-14CE-4D88-2D6DEBEE1239}.Release|Any CPU.Build.0 = Release|Any CPU
	EndGlobalSection
	GlobalSection(SolutionProperties) = preSolution
		HideSolutionNode = FALSE
	EndGlobalSection
EndGlobal
